
Microsoft Visual Studio Solution File, Format Version 12.00
# Visual Studio 14
VisualStudioVersion = 14.0.25420.1
MinimumVisualStudioVersion = 10.0.40219.1
Project("{FAE04EC0-301F-11D3-BF4B-00C04F79EFBC}") = "CryptoSQLite", "CryptoSQLite\CryptoSQLite.csproj", "{FE2F0037-9C69-44CD-A14E-07DE44233CF7}"
EndProject
Project("{FAE04EC0-301F-11D3-BF4B-00C04F79EFBC}") = "Tests", "Tests\Tests.csproj", "{416C16C9-4691-44FD-B825-F68B83E3DA54}"
EndProject
Project("{FAE04EC0-301F-11D3-BF4B-00C04F79EFBC}") = "TestConsoleApp", "TestConsoleApp\TestConsoleApp.csproj", "{EBD55275-1A20-4D6F-B91C-E38AD98FEF14}"
EndProject
Global
	GlobalSection(SolutionConfigurationPlatforms) = preSolution
		Debug|Any CPU = Debug|Any CPU
		Debug|ARM = Debug|ARM
		Debug|x64 = Debug|x64
		Debug|x86 = Debug|x86
		Release|Any CPU = Release|Any CPU
		Release|ARM = Release|ARM
		Release|x64 = Release|x64
		Release|x86 = Release|x86
	EndGlobalSection
	GlobalSection(ProjectConfigurationPlatforms) = postSolution
		{FE2F0037-9C69-44CD-A14E-07DE44233CF7}.Debug|Any CPU.ActiveCfg = Debug|Any CPU
		{FE2F0037-9C69-44CD-A14E-07DE44233CF7}.Debug|Any CPU.Build.0 = Debug|Any CPU
		{FE2F0037-9C69-44CD-A14E-07DE44233CF7}.Debug|ARM.ActiveCfg = Debug|Any CPU
		{FE2F0037-9C69-44CD-A14E-07DE44233CF7}.Debug|ARM.Build.0 = Debug|Any CPU
		{FE2F0037-9C69-44CD-A14E-07DE44233CF7}.Debug|x64.ActiveCfg = Debug|Any CPU
		{FE2F0037-9C69-44CD-A14E-07DE44233CF7}.Debug|x64.Build.0 = Debug|Any CPU
		{FE2F0037-9C69-44CD-A14E-07DE44233CF7}.Debug|x86.ActiveCfg = Debug|Any CPU
		{FE2F0037-9C69-44CD-A14E-07DE44233CF7}.Debug|x86.Build.0 = Debug|Any CPU
		{FE2F0037-9C69-44CD-A14E-07DE44233CF7}.Release|Any CPU.ActiveCfg = Release|Any CPU
		{FE2F0037-9C69-44CD-A14E-07DE44233CF7}.Release|Any CPU.Build.0 = Release|Any CPU
		{FE2F0037-9C69-44CD-A14E-07DE44233CF7}.Release|ARM.ActiveCfg = Release|Any CPU
		{FE2F0037-9C69-44CD-A14E-07DE44233CF7}.Release|ARM.Build.0 = Release|Any CPU
		{FE2F0037-9C69-44CD-A14E-07DE44233CF7}.Release|x64.ActiveCfg = Release|Any CPU
		{FE2F0037-9C69-44CD-A14E-07DE44233CF7}.Release|x64.Build.0 = Release|Any CPU
		{FE2F0037-9C69-44CD-A14E-07DE44233CF7}.Release|x86.ActiveCfg = Release|Any CPU
		{FE2F0037-9C69-44CD-A14E-07DE44233CF7}.Release|x86.Build.0 = Release|Any CPU
		{416C16C9-4691-44FD-B825-F68B83E3DA54}.Debug|Any CPU.ActiveCfg = Debug|Any CPU
		{416C16C9-4691-44FD-B825-F68B83E3DA54}.Debug|Any CPU.Build.0 = Debug|Any CPU
		{416C16C9-4691-44FD-B825-F68B83E3DA54}.Debug|ARM.ActiveCfg = Debug|Any CPU
		{416C16C9-4691-44FD-B825-F68B83E3DA54}.Debug|ARM.Build.0 = Debug|Any CPU
		{416C16C9-4691-44FD-B825-F68B83E3DA54}.Debug|x64.ActiveCfg = Debug|Any CPU
		{416C16C9-4691-44FD-B825-F68B83E3DA54}.Debug|x64.Build.0 = Debug|Any CPU
		{416C16C9-4691-44FD-B825-F68B83E3DA54}.Debug|x86.ActiveCfg = Debug|Any CPU
		{416C16C9-4691-44FD-B825-F68B83E3DA54}.Debug|x86.Build.0 = Debug|Any CPU
		{416C16C9-4691-44FD-B825-F68B83E3DA54}.Release|Any CPU.ActiveCfg = Release|Any CPU
		{416C16C9-4691-44FD-B825-F68B83E3DA54}.Release|Any CPU.Build.0 = Release|Any CPU
		{416C16C9-4691-44FD-B825-F68B83E3DA54}.Release|ARM.ActiveCfg = Release|Any CPU
		{416C16C9-4691-44FD-B825-F68B83E3DA54}.Release|ARM.Build.0 = Release|Any CPU
		{416C16C9-4691-44FD-B825-F68B83E3DA54}.Release|x64.ActiveCfg = Release|Any CPU
		{416C16C9-4691-44FD-B825-F68B83E3DA54}.Release|x64.Build.0 = Release|Any CPU
		{416C16C9-4691-44FD-B825-F68B83E3DA54}.Release|x86.ActiveCfg = Release|Any CPU
		{416C16C9-4691-44FD-B825-F68B83E3DA54}.Release|x86.Build.0 = Release|Any CPU
		{EBD55275-1A20-4D6F-B91C-E38AD98FEF14}.Debug|Any CPU.ActiveCfg = Debug|Any CPU
		{EBD55275-1A20-4D6F-B91C-E38AD98FEF14}.Debug|Any CPU.Build.0 = Debug|Any CPU
		{EBD55275-1A20-4D6F-B91C-E38AD98FEF14}.Debug|ARM.ActiveCfg = Debug|Any CPU
		{EBD55275-1A20-4D6F-B91C-E38AD98FEF14}.Debug|ARM.Build.0 = Debug|Any CPU
		{EBD55275-1A20-4D6F-B91C-E38AD98FEF14}.Debug|x64.ActiveCfg = Debug|Any CPU
		{EBD55275-1A20-4D6F-B91C-E38AD98FEF14}.Debug|x64.Build.0 = Debug|Any CPU
		{EBD55275-1A20-4D6F-B91C-E38AD98FEF14}.Debug|x86.ActiveCfg = Debug|Any CPU
		{EBD55275-1A20-4D6F-B91C-E38AD98FEF14}.Debug|x86.Build.0 = Debug|Any CPU
		{EBD55275-1A20-4D6F-B91C-E38AD98FEF14}.Release|Any CPU.ActiveCfg = Release|Any CPU
		{EBD55275-1A20-4D6F-B91C-E38AD98FEF14}.Release|Any CPU.Build.0 = Release|Any CPU
		{EBD55275-1A20-4D6F-B91C-E38AD98FEF14}.Release|ARM.ActiveCfg = Release|Any CPU
		{EBD55275-1A20-4D6F-B91C-E38AD98FEF14}.Release|ARM.Build.0 = Release|Any CPU
		{EBD55275-1A20-4D6F-B91C-E38AD98FEF14}.Release|x64.ActiveCfg = Release|Any CPU
		{EBD55275-1A20-4D6F-B91C-E38AD98FEF14}.Release|x64.Build.0 = Release|Any CPU
		{EBD55275-1A20-4D6F-B91C-E38AD98FEF14}.Release|x86.ActiveCfg = Release|Any CPU
		{EBD55275-1A20-4D6F-B91C-E38AD98FEF14}.Release|x86.Build.0 = Release|Any CPU
	EndGlobalSection
	GlobalSection(SolutionProperties) = preSolution
		HideSolutionNode = FALSE
	EndGlobalSection
EndGlobal
