
Microsoft Visual Studio Solution File, Format Version 12.00
# Visual Studio 15
VisualStudioVersion = 15.0.28307.757
MinimumVisualStudioVersion = 10.0.40219.1
Project("{9A19103F-16F7-4668-BE54-9A1E7A4F7556}") = "CryptoSQLite", "CryptoSQLite\CryptoSQLite.csproj", "{FE2F0037-9C69-44CD-A14E-07DE44233CF7}"
EndProject
Project("{FAE04EC0-301F-11D3-BF4B-00C04F79EFBC}") = "CryptoSQLite.Tests", "CryptoSQLite.CrossTests\CryptoSQLite.CrossTests\CryptoSQLite.Tests.csproj", "{B5B0E6E4-A8C1-45C4-BA73-21D2456833AD}"
EndProject
Project("{FAE04EC0-301F-11D3-BF4B-00C04F79EFBC}") = "CryptoSQLite.CrossTests.Droid", "CryptoSQLite.CrossTests\CryptoSQLite.CrossTests.Droid\CryptoSQLite.CrossTests.Droid.csproj", "{EF80EA6C-4103-4A20-A0CD-F60E5AA3035B}"
EndProject
Project("{FAE04EC0-301F-11D3-BF4B-00C04F79EFBC}") = "CryptoSQLite.CrossTests.iOS", "CryptoSQLite.CrossTests\CryptoSQLite.CrossTests.iOS\CryptoSQLite.CrossTests.iOS.csproj", "{3AAE41AB-6523-43A0-9C6C-B3155EDEBFF7}"
EndProject
Global
	GlobalSection(SolutionConfigurationPlatforms) = preSolution
		Ad-Hoc|Any CPU = Ad-Hoc|Any CPU
		Ad-Hoc|ARM = Ad-Hoc|ARM
		Ad-Hoc|iPhone = Ad-Hoc|iPhone
		Ad-Hoc|iPhoneSimulator = Ad-Hoc|iPhoneSimulator
		Ad-Hoc|x64 = Ad-Hoc|x64
		Ad-Hoc|x86 = Ad-Hoc|x86
		AppStore|Any CPU = AppStore|Any CPU
		AppStore|ARM = AppStore|ARM
		AppStore|iPhone = AppStore|iPhone
		AppStore|iPhoneSimulator = AppStore|iPhoneSimulator
		AppStore|x64 = AppStore|x64
		AppStore|x86 = AppStore|x86
		Debug|Any CPU = Debug|Any CPU
		Debug|ARM = Debug|ARM
		Debug|iPhone = Debug|iPhone
		Debug|iPhoneSimulator = Debug|iPhoneSimulator
		Debug|x64 = Debug|x64
		Debug|x86 = Debug|x86
		Release|Any CPU = Release|Any CPU
		Release|ARM = Release|ARM
		Release|iPhone = Release|iPhone
		Release|iPhoneSimulator = Release|iPhoneSimulator
		Release|x64 = Release|x64
		Release|x86 = Release|x86
	EndGlobalSection
	GlobalSection(ProjectConfigurationPlatforms) = postSolution
		{FE2F0037-9C69-44CD-A14E-07DE44233CF7}.Ad-Hoc|Any CPU.ActiveCfg = Release|Any CPU
		{FE2F0037-9C69-44CD-A14E-07DE44233CF7}.Ad-Hoc|Any CPU.Build.0 = Release|Any CPU
		{FE2F0037-9C69-44CD-A14E-07DE44233CF7}.Ad-Hoc|ARM.ActiveCfg = Release|Any CPU
		{FE2F0037-9C69-44CD-A14E-07DE44233CF7}.Ad-Hoc|ARM.Build.0 = Release|Any CPU
		{FE2F0037-9C69-44CD-A14E-07DE44233CF7}.Ad-Hoc|iPhone.ActiveCfg = Release|Any CPU
		{FE2F0037-9C69-44CD-A14E-07DE44233CF7}.Ad-Hoc|iPhone.Build.0 = Release|Any CPU
		{FE2F0037-9C69-44CD-A14E-07DE44233CF7}.Ad-Hoc|iPhoneSimulator.ActiveCfg = Release|Any CPU
		{FE2F0037-9C69-44CD-A14E-07DE44233CF7}.Ad-Hoc|iPhoneSimulator.Build.0 = Release|Any CPU
		{FE2F0037-9C69-44CD-A14E-07DE44233CF7}.Ad-Hoc|x64.ActiveCfg = Release|Any CPU
		{FE2F0037-9C69-44CD-A14E-07DE44233CF7}.Ad-Hoc|x64.Build.0 = Release|Any CPU
		{FE2F0037-9C69-44CD-A14E-07DE44233CF7}.Ad-Hoc|x86.ActiveCfg = Release|Any CPU
		{FE2F0037-9C69-44CD-A14E-07DE44233CF7}.Ad-Hoc|x86.Build.0 = Release|Any CPU
		{FE2F0037-9C69-44CD-A14E-07DE44233CF7}.AppStore|Any CPU.ActiveCfg = Release|Any CPU
		{FE2F0037-9C69-44CD-A14E-07DE44233CF7}.AppStore|Any CPU.Build.0 = Release|Any CPU
		{FE2F0037-9C69-44CD-A14E-07DE44233CF7}.AppStore|ARM.ActiveCfg = Release|Any CPU
		{FE2F0037-9C69-44CD-A14E-07DE44233CF7}.AppStore|ARM.Build.0 = Release|Any CPU
		{FE2F0037-9C69-44CD-A14E-07DE44233CF7}.AppStore|iPhone.ActiveCfg = Release|Any CPU
		{FE2F0037-9C69-44CD-A14E-07DE44233CF7}.AppStore|iPhone.Build.0 = Release|Any CPU
		{FE2F0037-9C69-44CD-A14E-07DE44233CF7}.AppStore|iPhoneSimulator.ActiveCfg = Release|Any CPU
		{FE2F0037-9C69-44CD-A14E-07DE44233CF7}.AppStore|iPhoneSimulator.Build.0 = Release|Any CPU
		{FE2F0037-9C69-44CD-A14E-07DE44233CF7}.AppStore|x64.ActiveCfg = Release|Any CPU
		{FE2F0037-9C69-44CD-A14E-07DE44233CF7}.AppStore|x64.Build.0 = Release|Any CPU
		{FE2F0037-9C69-44CD-A14E-07DE44233CF7}.AppStore|x86.ActiveCfg = Release|Any CPU
		{FE2F0037-9C69-44CD-A14E-07DE44233CF7}.AppStore|x86.Build.0 = Release|Any CPU
		{FE2F0037-9C69-44CD-A14E-07DE44233CF7}.Debug|Any CPU.ActiveCfg = Debug|Any CPU
		{FE2F0037-9C69-44CD-A14E-07DE44233CF7}.Debug|Any CPU.Build.0 = Debug|Any CPU
		{FE2F0037-9C69-44CD-A14E-07DE44233CF7}.Debug|ARM.ActiveCfg = Debug|Any CPU
		{FE2F0037-9C69-44CD-A14E-07DE44233CF7}.Debug|ARM.Build.0 = Debug|Any CPU
		{FE2F0037-9C69-44CD-A14E-07DE44233CF7}.Debug|iPhone.ActiveCfg = Debug|Any CPU
		{FE2F0037-9C69-44CD-A14E-07DE44233CF7}.Debug|iPhone.Build.0 = Debug|Any CPU
		{FE2F0037-9C69-44CD-A14E-07DE44233CF7}.Debug|iPhoneSimulator.ActiveCfg = Debug|Any CPU
		{FE2F0037-9C69-44CD-A14E-07DE44233CF7}.Debug|iPhoneSimulator.Build.0 = Debug|Any CPU
		{FE2F0037-9C69-44CD-A14E-07DE44233CF7}.Debug|x64.ActiveCfg = Debug|Any CPU
		{FE2F0037-9C69-44CD-A14E-07DE44233CF7}.Debug|x64.Build.0 = Debug|Any CPU
		{FE2F0037-9C69-44CD-A14E-07DE44233CF7}.Debug|x86.ActiveCfg = Debug|Any CPU
		{FE2F0037-9C69-44CD-A14E-07DE44233CF7}.Debug|x86.Build.0 = Debug|Any CPU
		{FE2F0037-9C69-44CD-A14E-07DE44233CF7}.Release|Any CPU.ActiveCfg = Release|Any CPU
		{FE2F0037-9C69-44CD-A14E-07DE44233CF7}.Release|Any CPU.Build.0 = Release|Any CPU
		{FE2F0037-9C69-44CD-A14E-07DE44233CF7}.Release|ARM.ActiveCfg = Release|Any CPU
		{FE2F0037-9C69-44CD-A14E-07DE44233CF7}.Release|ARM.Build.0 = Release|Any CPU
		{FE2F0037-9C69-44CD-A14E-07DE44233CF7}.Release|iPhone.ActiveCfg = Release|Any CPU
		{FE2F0037-9C69-44CD-A14E-07DE44233CF7}.Release|iPhone.Build.0 = Release|Any CPU
		{FE2F0037-9C69-44CD-A14E-07DE44233CF7}.Release|iPhoneSimulator.ActiveCfg = Release|Any CPU
		{FE2F0037-9C69-44CD-A14E-07DE44233CF7}.Release|iPhoneSimulator.Build.0 = Release|Any CPU
		{FE2F0037-9C69-44CD-A14E-07DE44233CF7}.Release|x64.ActiveCfg = Release|Any CPU
		{FE2F0037-9C69-44CD-A14E-07DE44233CF7}.Release|x64.Build.0 = Release|Any CPU
		{FE2F0037-9C69-44CD-A14E-07DE44233CF7}.Release|x86.ActiveCfg = Release|Any CPU
		{FE2F0037-9C69-44CD-A14E-07DE44233CF7}.Release|x86.Build.0 = Release|Any CPU
		{B5B0E6E4-A8C1-45C4-BA73-21D2456833AD}.Ad-Hoc|Any CPU.ActiveCfg = Release|Any CPU
		{B5B0E6E4-A8C1-45C4-BA73-21D2456833AD}.Ad-Hoc|Any CPU.Build.0 = Release|Any CPU
		{B5B0E6E4-A8C1-45C4-BA73-21D2456833AD}.Ad-Hoc|ARM.ActiveCfg = Release|Any CPU
		{B5B0E6E4-A8C1-45C4-BA73-21D2456833AD}.Ad-Hoc|ARM.Build.0 = Release|Any CPU
		{B5B0E6E4-A8C1-45C4-BA73-21D2456833AD}.Ad-Hoc|iPhone.ActiveCfg = Release|Any CPU
		{B5B0E6E4-A8C1-45C4-BA73-21D2456833AD}.Ad-Hoc|iPhone.Build.0 = Release|Any CPU
		{B5B0E6E4-A8C1-45C4-BA73-21D2456833AD}.Ad-Hoc|iPhoneSimulator.ActiveCfg = Release|Any CPU
		{B5B0E6E4-A8C1-45C4-BA73-21D2456833AD}.Ad-Hoc|iPhoneSimulator.Build.0 = Release|Any CPU
		{B5B0E6E4-A8C1-45C4-BA73-21D2456833AD}.Ad-Hoc|x64.ActiveCfg = Release|Any CPU
		{B5B0E6E4-A8C1-45C4-BA73-21D2456833AD}.Ad-Hoc|x64.Build.0 = Release|Any CPU
		{B5B0E6E4-A8C1-45C4-BA73-21D2456833AD}.Ad-Hoc|x86.ActiveCfg = Release|Any CPU
		{B5B0E6E4-A8C1-45C4-BA73-21D2456833AD}.Ad-Hoc|x86.Build.0 = Release|Any CPU
		{B5B0E6E4-A8C1-45C4-BA73-21D2456833AD}.AppStore|Any CPU.ActiveCfg = Release|Any CPU
		{B5B0E6E4-A8C1-45C4-BA73-21D2456833AD}.AppStore|Any CPU.Build.0 = Release|Any CPU
		{B5B0E6E4-A8C1-45C4-BA73-21D2456833AD}.AppStore|ARM.ActiveCfg = Release|Any CPU
		{B5B0E6E4-A8C1-45C4-BA73-21D2456833AD}.AppStore|ARM.Build.0 = Release|Any CPU
		{B5B0E6E4-A8C1-45C4-BA73-21D2456833AD}.AppStore|iPhone.ActiveCfg = Release|Any CPU
		{B5B0E6E4-A8C1-45C4-BA73-21D2456833AD}.AppStore|iPhone.Build.0 = Release|Any CPU
		{B5B0E6E4-A8C1-45C4-BA73-21D2456833AD}.AppStore|iPhoneSimulator.ActiveCfg = Release|Any CPU
		{B5B0E6E4-A8C1-45C4-BA73-21D2456833AD}.AppStore|iPhoneSimulator.Build.0 = Release|Any CPU
		{B5B0E6E4-A8C1-45C4-BA73-21D2456833AD}.AppStore|x64.ActiveCfg = Release|Any CPU
		{B5B0E6E4-A8C1-45C4-BA73-21D2456833AD}.AppStore|x64.Build.0 = Release|Any CPU
		{B5B0E6E4-A8C1-45C4-BA73-21D2456833AD}.AppStore|x86.ActiveCfg = Release|Any CPU
		{B5B0E6E4-A8C1-45C4-BA73-21D2456833AD}.AppStore|x86.Build.0 = Release|Any CPU
		{B5B0E6E4-A8C1-45C4-BA73-21D2456833AD}.Debug|Any CPU.ActiveCfg = Debug|Any CPU
		{B5B0E6E4-A8C1-45C4-BA73-21D2456833AD}.Debug|Any CPU.Build.0 = Debug|Any CPU
		{B5B0E6E4-A8C1-45C4-BA73-21D2456833AD}.Debug|ARM.ActiveCfg = Debug|Any CPU
		{B5B0E6E4-A8C1-45C4-BA73-21D2456833AD}.Debug|ARM.Build.0 = Debug|Any CPU
		{B5B0E6E4-A8C1-45C4-BA73-21D2456833AD}.Debug|iPhone.ActiveCfg = Debug|Any CPU
		{B5B0E6E4-A8C1-45C4-BA73-21D2456833AD}.Debug|iPhone.Build.0 = Debug|Any CPU
		{B5B0E6E4-A8C1-45C4-BA73-21D2456833AD}.Debug|iPhoneSimulator.ActiveCfg = Debug|Any CPU
		{B5B0E6E4-A8C1-45C4-BA73-21D2456833AD}.Debug|iPhoneSimulator.Build.0 = Debug|Any CPU
		{B5B0E6E4-A8C1-45C4-BA73-21D2456833AD}.Debug|x64.ActiveCfg = Debug|Any CPU
		{B5B0E6E4-A8C1-45C4-BA73-21D2456833AD}.Debug|x64.Build.0 = Debug|Any CPU
		{B5B0E6E4-A8C1-45C4-BA73-21D2456833AD}.Debug|x86.ActiveCfg = Debug|Any CPU
		{B5B0E6E4-A8C1-45C4-BA73-21D2456833AD}.Debug|x86.Build.0 = Debug|Any CPU
		{B5B0E6E4-A8C1-45C4-BA73-21D2456833AD}.Release|Any CPU.ActiveCfg = Release|Any CPU
		{B5B0E6E4-A8C1-45C4-BA73-21D2456833AD}.Release|Any CPU.Build.0 = Release|Any CPU
		{B5B0E6E4-A8C1-45C4-BA73-21D2456833AD}.Release|ARM.ActiveCfg = Release|Any CPU
		{B5B0E6E4-A8C1-45C4-BA73-21D2456833AD}.Release|ARM.Build.0 = Release|Any CPU
		{B5B0E6E4-A8C1-45C4-BA73-21D2456833AD}.Release|iPhone.ActiveCfg = Release|Any CPU
		{B5B0E6E4-A8C1-45C4-BA73-21D2456833AD}.Release|iPhone.Build.0 = Release|Any CPU
		{B5B0E6E4-A8C1-45C4-BA73-21D2456833AD}.Release|iPhoneSimulator.ActiveCfg = Release|Any CPU
		{B5B0E6E4-A8C1-45C4-BA73-21D2456833AD}.Release|iPhoneSimulator.Build.0 = Release|Any CPU
		{B5B0E6E4-A8C1-45C4-BA73-21D2456833AD}.Release|x64.ActiveCfg = Release|Any CPU
		{B5B0E6E4-A8C1-45C4-BA73-21D2456833AD}.Release|x64.Build.0 = Release|Any CPU
		{B5B0E6E4-A8C1-45C4-BA73-21D2456833AD}.Release|x86.ActiveCfg = Release|Any CPU
		{B5B0E6E4-A8C1-45C4-BA73-21D2456833AD}.Release|x86.Build.0 = Release|Any CPU
		{EF80EA6C-4103-4A20-A0CD-F60E5AA3035B}.Ad-Hoc|Any CPU.ActiveCfg = Release|Any CPU
		{EF80EA6C-4103-4A20-A0CD-F60E5AA3035B}.Ad-Hoc|Any CPU.Build.0 = Release|Any CPU
		{EF80EA6C-4103-4A20-A0CD-F60E5AA3035B}.Ad-Hoc|Any CPU.Deploy.0 = Release|Any CPU
		{EF80EA6C-4103-4A20-A0CD-F60E5AA3035B}.Ad-Hoc|ARM.ActiveCfg = Release|Any CPU
		{EF80EA6C-4103-4A20-A0CD-F60E5AA3035B}.Ad-Hoc|ARM.Build.0 = Release|Any CPU
		{EF80EA6C-4103-4A20-A0CD-F60E5AA3035B}.Ad-Hoc|ARM.Deploy.0 = Release|Any CPU
		{EF80EA6C-4103-4A20-A0CD-F60E5AA3035B}.Ad-Hoc|iPhone.ActiveCfg = Release|Any CPU
		{EF80EA6C-4103-4A20-A0CD-F60E5AA3035B}.Ad-Hoc|iPhone.Build.0 = Release|Any CPU
		{EF80EA6C-4103-4A20-A0CD-F60E5AA3035B}.Ad-Hoc|iPhone.Deploy.0 = Release|Any CPU
		{EF80EA6C-4103-4A20-A0CD-F60E5AA3035B}.Ad-Hoc|iPhoneSimulator.ActiveCfg = Release|Any CPU
		{EF80EA6C-4103-4A20-A0CD-F60E5AA3035B}.Ad-Hoc|iPhoneSimulator.Build.0 = Release|Any CPU
		{EF80EA6C-4103-4A20-A0CD-F60E5AA3035B}.Ad-Hoc|iPhoneSimulator.Deploy.0 = Release|Any CPU
		{EF80EA6C-4103-4A20-A0CD-F60E5AA3035B}.Ad-Hoc|x64.ActiveCfg = Release|Any CPU
		{EF80EA6C-4103-4A20-A0CD-F60E5AA3035B}.Ad-Hoc|x64.Build.0 = Release|Any CPU
		{EF80EA6C-4103-4A20-A0CD-F60E5AA3035B}.Ad-Hoc|x64.Deploy.0 = Release|Any CPU
		{EF80EA6C-4103-4A20-A0CD-F60E5AA3035B}.Ad-Hoc|x86.ActiveCfg = Release|Any CPU
		{EF80EA6C-4103-4A20-A0CD-F60E5AA3035B}.Ad-Hoc|x86.Build.0 = Release|Any CPU
		{EF80EA6C-4103-4A20-A0CD-F60E5AA3035B}.Ad-Hoc|x86.Deploy.0 = Release|Any CPU
		{EF80EA6C-4103-4A20-A0CD-F60E5AA3035B}.AppStore|Any CPU.ActiveCfg = Release|Any CPU
		{EF80EA6C-4103-4A20-A0CD-F60E5AA3035B}.AppStore|Any CPU.Build.0 = Release|Any CPU
		{EF80EA6C-4103-4A20-A0CD-F60E5AA3035B}.AppStore|Any CPU.Deploy.0 = Release|Any CPU
		{EF80EA6C-4103-4A20-A0CD-F60E5AA3035B}.AppStore|ARM.ActiveCfg = Release|Any CPU
		{EF80EA6C-4103-4A20-A0CD-F60E5AA3035B}.AppStore|ARM.Build.0 = Release|Any CPU
		{EF80EA6C-4103-4A20-A0CD-F60E5AA3035B}.AppStore|ARM.Deploy.0 = Release|Any CPU
		{EF80EA6C-4103-4A20-A0CD-F60E5AA3035B}.AppStore|iPhone.ActiveCfg = Release|Any CPU
		{EF80EA6C-4103-4A20-A0CD-F60E5AA3035B}.AppStore|iPhone.Build.0 = Release|Any CPU
		{EF80EA6C-4103-4A20-A0CD-F60E5AA3035B}.AppStore|iPhone.Deploy.0 = Release|Any CPU
		{EF80EA6C-4103-4A20-A0CD-F60E5AA3035B}.AppStore|iPhoneSimulator.ActiveCfg = Release|Any CPU
		{EF80EA6C-4103-4A20-A0CD-F60E5AA3035B}.AppStore|iPhoneSimulator.Build.0 = Release|Any CPU
		{EF80EA6C-4103-4A20-A0CD-F60E5AA3035B}.AppStore|iPhoneSimulator.Deploy.0 = Release|Any CPU
		{EF80EA6C-4103-4A20-A0CD-F60E5AA3035B}.AppStore|x64.ActiveCfg = Release|Any CPU
		{EF80EA6C-4103-4A20-A0CD-F60E5AA3035B}.AppStore|x64.Build.0 = Release|Any CPU
		{EF80EA6C-4103-4A20-A0CD-F60E5AA3035B}.AppStore|x64.Deploy.0 = Release|Any CPU
		{EF80EA6C-4103-4A20-A0CD-F60E5AA3035B}.AppStore|x86.ActiveCfg = Release|Any CPU
		{EF80EA6C-4103-4A20-A0CD-F60E5AA3035B}.AppStore|x86.Build.0 = Release|Any CPU
		{EF80EA6C-4103-4A20-A0CD-F60E5AA3035B}.AppStore|x86.Deploy.0 = Release|Any CPU
		{EF80EA6C-4103-4A20-A0CD-F60E5AA3035B}.Debug|Any CPU.ActiveCfg = Debug|Any CPU
		{EF80EA6C-4103-4A20-A0CD-F60E5AA3035B}.Debug|Any CPU.Build.0 = Debug|Any CPU
		{EF80EA6C-4103-4A20-A0CD-F60E5AA3035B}.Debug|Any CPU.Deploy.0 = Debug|Any CPU
		{EF80EA6C-4103-4A20-A0CD-F60E5AA3035B}.Debug|ARM.ActiveCfg = Debug|Any CPU
		{EF80EA6C-4103-4A20-A0CD-F60E5AA3035B}.Debug|ARM.Build.0 = Debug|Any CPU
		{EF80EA6C-4103-4A20-A0CD-F60E5AA3035B}.Debug|ARM.Deploy.0 = Debug|Any CPU
		{EF80EA6C-4103-4A20-A0CD-F60E5AA3035B}.Debug|iPhone.ActiveCfg = Debug|Any CPU
		{EF80EA6C-4103-4A20-A0CD-F60E5AA3035B}.Debug|iPhone.Build.0 = Debug|Any CPU
		{EF80EA6C-4103-4A20-A0CD-F60E5AA3035B}.Debug|iPhone.Deploy.0 = Debug|Any CPU
		{EF80EA6C-4103-4A20-A0CD-F60E5AA3035B}.Debug|iPhoneSimulator.ActiveCfg = Debug|Any CPU
		{EF80EA6C-4103-4A20-A0CD-F60E5AA3035B}.Debug|iPhoneSimulator.Build.0 = Debug|Any CPU
		{EF80EA6C-4103-4A20-A0CD-F60E5AA3035B}.Debug|iPhoneSimulator.Deploy.0 = Debug|Any CPU
		{EF80EA6C-4103-4A20-A0CD-F60E5AA3035B}.Debug|x64.ActiveCfg = Debug|Any CPU
		{EF80EA6C-4103-4A20-A0CD-F60E5AA3035B}.Debug|x64.Build.0 = Debug|Any CPU
		{EF80EA6C-4103-4A20-A0CD-F60E5AA3035B}.Debug|x64.Deploy.0 = Debug|Any CPU
		{EF80EA6C-4103-4A20-A0CD-F60E5AA3035B}.Debug|x86.ActiveCfg = Debug|Any CPU
		{EF80EA6C-4103-4A20-A0CD-F60E5AA3035B}.Debug|x86.Build.0 = Debug|Any CPU
		{EF80EA6C-4103-4A20-A0CD-F60E5AA3035B}.Debug|x86.Deploy.0 = Debug|Any CPU
		{EF80EA6C-4103-4A20-A0CD-F60E5AA3035B}.Release|Any CPU.ActiveCfg = Release|Any CPU
		{EF80EA6C-4103-4A20-A0CD-F60E5AA3035B}.Release|Any CPU.Build.0 = Release|Any CPU
		{EF80EA6C-4103-4A20-A0CD-F60E5AA3035B}.Release|Any CPU.Deploy.0 = Release|Any CPU
		{EF80EA6C-4103-4A20-A0CD-F60E5AA3035B}.Release|ARM.ActiveCfg = Release|Any CPU
		{EF80EA6C-4103-4A20-A0CD-F60E5AA3035B}.Release|ARM.Build.0 = Release|Any CPU
		{EF80EA6C-4103-4A20-A0CD-F60E5AA3035B}.Release|ARM.Deploy.0 = Release|Any CPU
		{EF80EA6C-4103-4A20-A0CD-F60E5AA3035B}.Release|iPhone.ActiveCfg = Release|Any CPU
		{EF80EA6C-4103-4A20-A0CD-F60E5AA3035B}.Release|iPhone.Build.0 = Release|Any CPU
		{EF80EA6C-4103-4A20-A0CD-F60E5AA3035B}.Release|iPhone.Deploy.0 = Release|Any CPU
		{EF80EA6C-4103-4A20-A0CD-F60E5AA3035B}.Release|iPhoneSimulator.ActiveCfg = Release|Any CPU
		{EF80EA6C-4103-4A20-A0CD-F60E5AA3035B}.Release|iPhoneSimulator.Build.0 = Release|Any CPU
		{EF80EA6C-4103-4A20-A0CD-F60E5AA3035B}.Release|iPhoneSimulator.Deploy.0 = Release|Any CPU
		{EF80EA6C-4103-4A20-A0CD-F60E5AA3035B}.Release|x64.ActiveCfg = Release|Any CPU
		{EF80EA6C-4103-4A20-A0CD-F60E5AA3035B}.Release|x64.Build.0 = Release|Any CPU
		{EF80EA6C-4103-4A20-A0CD-F60E5AA3035B}.Release|x64.Deploy.0 = Release|Any CPU
		{EF80EA6C-4103-4A20-A0CD-F60E5AA3035B}.Release|x86.ActiveCfg = Release|Any CPU
		{EF80EA6C-4103-4A20-A0CD-F60E5AA3035B}.Release|x86.Build.0 = Release|Any CPU
		{EF80EA6C-4103-4A20-A0CD-F60E5AA3035B}.Release|x86.Deploy.0 = Release|Any CPU
		{3AAE41AB-6523-43A0-9C6C-B3155EDEBFF7}.Ad-Hoc|Any CPU.ActiveCfg = Ad-Hoc|iPhone
		{3AAE41AB-6523-43A0-9C6C-B3155EDEBFF7}.Ad-Hoc|ARM.ActiveCfg = Ad-Hoc|iPhone
		{3AAE41AB-6523-43A0-9C6C-B3155EDEBFF7}.Ad-Hoc|iPhone.ActiveCfg = Ad-Hoc|iPhone
		{3AAE41AB-6523-43A0-9C6C-B3155EDEBFF7}.Ad-Hoc|iPhone.Build.0 = Ad-Hoc|iPhone
		{3AAE41AB-6523-43A0-9C6C-B3155EDEBFF7}.Ad-Hoc|iPhoneSimulator.ActiveCfg = Ad-Hoc|iPhoneSimulator
		{3AAE41AB-6523-43A0-9C6C-B3155EDEBFF7}.Ad-Hoc|iPhoneSimulator.Build.0 = Ad-Hoc|iPhoneSimulator
		{3AAE41AB-6523-43A0-9C6C-B3155EDEBFF7}.Ad-Hoc|x64.ActiveCfg = Ad-Hoc|iPhone
		{3AAE41AB-6523-43A0-9C6C-B3155EDEBFF7}.Ad-Hoc|x86.ActiveCfg = Ad-Hoc|iPhone
		{3AAE41AB-6523-43A0-9C6C-B3155EDEBFF7}.AppStore|Any CPU.ActiveCfg = AppStore|iPhone
		{3AAE41AB-6523-43A0-9C6C-B3155EDEBFF7}.AppStore|ARM.ActiveCfg = AppStore|iPhone
		{3AAE41AB-6523-43A0-9C6C-B3155EDEBFF7}.AppStore|iPhone.ActiveCfg = AppStore|iPhone
		{3AAE41AB-6523-43A0-9C6C-B3155EDEBFF7}.AppStore|iPhone.Build.0 = AppStore|iPhone
		{3AAE41AB-6523-43A0-9C6C-B3155EDEBFF7}.AppStore|iPhoneSimulator.ActiveCfg = AppStore|iPhoneSimulator
		{3AAE41AB-6523-43A0-9C6C-B3155EDEBFF7}.AppStore|iPhoneSimulator.Build.0 = AppStore|iPhoneSimulator
		{3AAE41AB-6523-43A0-9C6C-B3155EDEBFF7}.AppStore|x64.ActiveCfg = AppStore|iPhone
		{3AAE41AB-6523-43A0-9C6C-B3155EDEBFF7}.AppStore|x86.ActiveCfg = AppStore|iPhone
		{3AAE41AB-6523-43A0-9C6C-B3155EDEBFF7}.Debug|Any CPU.ActiveCfg = Debug|iPhone
		{3AAE41AB-6523-43A0-9C6C-B3155EDEBFF7}.Debug|ARM.ActiveCfg = Debug|iPhone
		{3AAE41AB-6523-43A0-9C6C-B3155EDEBFF7}.Debug|iPhone.ActiveCfg = Debug|iPhone
		{3AAE41AB-6523-43A0-9C6C-B3155EDEBFF7}.Debug|iPhone.Build.0 = Debug|iPhone
		{3AAE41AB-6523-43A0-9C6C-B3155EDEBFF7}.Debug|iPhone.Deploy.0 = Debug|iPhone
		{3AAE41AB-6523-43A0-9C6C-B3155EDEBFF7}.Debug|iPhoneSimulator.ActiveCfg = Debug|iPhoneSimulator
		{3AAE41AB-6523-43A0-9C6C-B3155EDEBFF7}.Debug|iPhoneSimulator.Build.0 = Debug|iPhoneSimulator
		{3AAE41AB-6523-43A0-9C6C-B3155EDEBFF7}.Debug|x64.ActiveCfg = Debug|iPhone
		{3AAE41AB-6523-43A0-9C6C-B3155EDEBFF7}.Debug|x86.ActiveCfg = Debug|iPhone
		{3AAE41AB-6523-43A0-9C6C-B3155EDEBFF7}.Release|Any CPU.ActiveCfg = Release|iPhone
		{3AAE41AB-6523-43A0-9C6C-B3155EDEBFF7}.Release|ARM.ActiveCfg = Release|iPhone
		{3AAE41AB-6523-43A0-9C6C-B3155EDEBFF7}.Release|iPhone.ActiveCfg = Release|iPhone
		{3AAE41AB-6523-43A0-9C6C-B3155EDEBFF7}.Release|iPhone.Build.0 = Release|iPhone
		{3AAE41AB-6523-43A0-9C6C-B3155EDEBFF7}.Release|iPhoneSimulator.ActiveCfg = Release|iPhoneSimulator
		{3AAE41AB-6523-43A0-9C6C-B3155EDEBFF7}.Release|iPhoneSimulator.Build.0 = Release|iPhoneSimulator
		{3AAE41AB-6523-43A0-9C6C-B3155EDEBFF7}.Release|x64.ActiveCfg = Release|iPhone
		{3AAE41AB-6523-43A0-9C6C-B3155EDEBFF7}.Release|x86.ActiveCfg = Release|iPhone
	EndGlobalSection
	GlobalSection(SolutionProperties) = preSolution
		HideSolutionNode = FALSE
	EndGlobalSection
	GlobalSection(ExtensibilityGlobals) = postSolution
		SolutionGuid = {63DB3698-CE13-4148-8579-BA821CF6B7BB}
	EndGlobalSection
EndGlobal
