
Microsoft Visual Studio Solution File, Format Version 12.00
# Visual Studio 15
VisualStudioVersion = 15.0.28307.757
MinimumVisualStudioVersion = 10.0.40219.1
Project("{9A19103F-16F7-4668-BE54-9A1E7A4F7556}") = "CryptoSQLite", "CryptoSQLite\CryptoSQLite.csproj", "{B74AE01A-3B00-43AC-8817-38D16F2BB2FB}"
EndProject
Project("{9A19103F-16F7-4668-BE54-9A1E7A4F7556}") = "CryptoSQLite.Abstractions", "CryptoSQLite.Abstractions\CryptoSQLite.Abstractions.csproj", "{FE2F0037-9C69-44CD-A14E-07DE44233CF7}"
EndProject
Project("{FAE04EC0-301F-11D3-BF4B-00C04F79EFBC}") = "CryptoSQLite.Droid", "CryptoSQLite.Droid\CryptoSQLite.Droid.csproj", "{A3B2E4D8-7AFE-44CE-A441-958CEA31BE91}"
EndProject
Project("{FAE04EC0-301F-11D3-BF4B-00C04F79EFBC}") = "CryptoSQLite.iOS", "CryptoSQLite.iOS\CryptoSQLite.iOS.csproj", "{E71F3053-056C-4381-9638-048ED73BDFF6}"
EndProject
Project("{2150E333-8FDC-42A3-9474-1A3956D46DE8}") = "Tests", "Tests", "{795065A6-6AB5-40CF-B76D-7B32DBDE04CA}"
EndProject
Project("{9A19103F-16F7-4668-BE54-9A1E7A4F7556}") = "CryptoSQLite.Tests", "Tests\CryptoSQLite.Tests\CryptoSQLite.Tests.csproj", "{B5B0E6E4-A8C1-45C4-BA73-21D2456833AD}"
EndProject
Project("{2150E333-8FDC-42A3-9474-1A3956D46DE8}") = "NuSpec", "NuSpec", "{4EDAFEB7-183E-4FEB-8AD8-0F1C871C300C}"
	ProjectSection(SolutionItems) = preProject
		NuSpec\CryptoSQLite.nuspec = NuSpec\CryptoSQLite.nuspec
		NuSpec\NuGet_Pack.bat = NuSpec\NuGet_Pack.bat
		NuSpec\package_icon.png = NuSpec\package_icon.png
	EndProjectSection
EndProject
Project("{FAE04EC0-301F-11D3-BF4B-00C04F79EFBC}") = "CryptoSQLite.Runner.iOS", "Tests\CryptoSQLite.Runner.iOS\CryptoSQLite.Runner.iOS.csproj", "{80A96B52-6758-4BDB-B0B4-CEA4CA155C60}"
EndProject
Global
	GlobalSection(SolutionConfigurationPlatforms) = preSolution
		Ad-Hoc|Any CPU = Ad-Hoc|Any CPU
		Ad-Hoc|ARM = Ad-Hoc|ARM
		Ad-Hoc|iPhone = Ad-Hoc|iPhone
		Ad-Hoc|iPhoneSimulator = Ad-Hoc|iPhoneSimulator
		Ad-Hoc|x64 = Ad-Hoc|x64
		Ad-Hoc|x86 = Ad-Hoc|x86
		AppStore|Any CPU = AppStore|Any CPU
		AppStore|ARM = AppStore|ARM
		AppStore|iPhone = AppStore|iPhone
		AppStore|iPhoneSimulator = AppStore|iPhoneSimulator
		AppStore|x64 = AppStore|x64
		AppStore|x86 = AppStore|x86
		Debug|Any CPU = Debug|Any CPU
		Debug|ARM = Debug|ARM
		Debug|iPhone = Debug|iPhone
		Debug|iPhoneSimulator = Debug|iPhoneSimulator
		Debug|x64 = Debug|x64
		Debug|x86 = Debug|x86
		Release|Any CPU = Release|Any CPU
		Release|ARM = Release|ARM
		Release|iPhone = Release|iPhone
		Release|iPhoneSimulator = Release|iPhoneSimulator
		Release|x64 = Release|x64
		Release|x86 = Release|x86
	EndGlobalSection
	GlobalSection(ProjectConfigurationPlatforms) = postSolution
		{B74AE01A-3B00-43AC-8817-38D16F2BB2FB}.Ad-Hoc|Any CPU.ActiveCfg = Debug|Any CPU
		{B74AE01A-3B00-43AC-8817-38D16F2BB2FB}.Ad-Hoc|Any CPU.Build.0 = Debug|Any CPU
		{B74AE01A-3B00-43AC-8817-38D16F2BB2FB}.Ad-Hoc|ARM.ActiveCfg = Debug|Any CPU
		{B74AE01A-3B00-43AC-8817-38D16F2BB2FB}.Ad-Hoc|ARM.Build.0 = Debug|Any CPU
		{B74AE01A-3B00-43AC-8817-38D16F2BB2FB}.Ad-Hoc|iPhone.ActiveCfg = Debug|Any CPU
		{B74AE01A-3B00-43AC-8817-38D16F2BB2FB}.Ad-Hoc|iPhone.Build.0 = Debug|Any CPU
		{B74AE01A-3B00-43AC-8817-38D16F2BB2FB}.Ad-Hoc|iPhoneSimulator.ActiveCfg = Debug|Any CPU
		{B74AE01A-3B00-43AC-8817-38D16F2BB2FB}.Ad-Hoc|iPhoneSimulator.Build.0 = Debug|Any CPU
		{B74AE01A-3B00-43AC-8817-38D16F2BB2FB}.Ad-Hoc|x64.ActiveCfg = Debug|Any CPU
		{B74AE01A-3B00-43AC-8817-38D16F2BB2FB}.Ad-Hoc|x64.Build.0 = Debug|Any CPU
		{B74AE01A-3B00-43AC-8817-38D16F2BB2FB}.Ad-Hoc|x86.ActiveCfg = Debug|Any CPU
		{B74AE01A-3B00-43AC-8817-38D16F2BB2FB}.Ad-Hoc|x86.Build.0 = Debug|Any CPU
		{B74AE01A-3B00-43AC-8817-38D16F2BB2FB}.AppStore|Any CPU.ActiveCfg = Debug|Any CPU
		{B74AE01A-3B00-43AC-8817-38D16F2BB2FB}.AppStore|Any CPU.Build.0 = Debug|Any CPU
		{B74AE01A-3B00-43AC-8817-38D16F2BB2FB}.AppStore|ARM.ActiveCfg = Debug|Any CPU
		{B74AE01A-3B00-43AC-8817-38D16F2BB2FB}.AppStore|ARM.Build.0 = Debug|Any CPU
		{B74AE01A-3B00-43AC-8817-38D16F2BB2FB}.AppStore|iPhone.ActiveCfg = Debug|Any CPU
		{B74AE01A-3B00-43AC-8817-38D16F2BB2FB}.AppStore|iPhone.Build.0 = Debug|Any CPU
		{B74AE01A-3B00-43AC-8817-38D16F2BB2FB}.AppStore|iPhoneSimulator.ActiveCfg = Debug|Any CPU
		{B74AE01A-3B00-43AC-8817-38D16F2BB2FB}.AppStore|iPhoneSimulator.Build.0 = Debug|Any CPU
		{B74AE01A-3B00-43AC-8817-38D16F2BB2FB}.AppStore|x64.ActiveCfg = Debug|Any CPU
		{B74AE01A-3B00-43AC-8817-38D16F2BB2FB}.AppStore|x64.Build.0 = Debug|Any CPU
		{B74AE01A-3B00-43AC-8817-38D16F2BB2FB}.AppStore|x86.ActiveCfg = Debug|Any CPU
		{B74AE01A-3B00-43AC-8817-38D16F2BB2FB}.AppStore|x86.Build.0 = Debug|Any CPU
		{B74AE01A-3B00-43AC-8817-38D16F2BB2FB}.Debug|Any CPU.ActiveCfg = Debug|Any CPU
		{B74AE01A-3B00-43AC-8817-38D16F2BB2FB}.Debug|Any CPU.Build.0 = Debug|Any CPU
		{B74AE01A-3B00-43AC-8817-38D16F2BB2FB}.Debug|ARM.ActiveCfg = Debug|Any CPU
		{B74AE01A-3B00-43AC-8817-38D16F2BB2FB}.Debug|ARM.Build.0 = Debug|Any CPU
		{B74AE01A-3B00-43AC-8817-38D16F2BB2FB}.Debug|iPhone.ActiveCfg = Debug|Any CPU
		{B74AE01A-3B00-43AC-8817-38D16F2BB2FB}.Debug|iPhone.Build.0 = Debug|Any CPU
		{B74AE01A-3B00-43AC-8817-38D16F2BB2FB}.Debug|iPhoneSimulator.ActiveCfg = Debug|Any CPU
		{B74AE01A-3B00-43AC-8817-38D16F2BB2FB}.Debug|iPhoneSimulator.Build.0 = Debug|Any CPU
		{B74AE01A-3B00-43AC-8817-38D16F2BB2FB}.Debug|x64.ActiveCfg = Debug|Any CPU
		{B74AE01A-3B00-43AC-8817-38D16F2BB2FB}.Debug|x64.Build.0 = Debug|Any CPU
		{B74AE01A-3B00-43AC-8817-38D16F2BB2FB}.Debug|x86.ActiveCfg = Debug|Any CPU
		{B74AE01A-3B00-43AC-8817-38D16F2BB2FB}.Debug|x86.Build.0 = Debug|Any CPU
		{B74AE01A-3B00-43AC-8817-38D16F2BB2FB}.Release|Any CPU.ActiveCfg = Release|Any CPU
		{B74AE01A-3B00-43AC-8817-38D16F2BB2FB}.Release|Any CPU.Build.0 = Release|Any CPU
		{B74AE01A-3B00-43AC-8817-38D16F2BB2FB}.Release|ARM.ActiveCfg = Release|Any CPU
		{B74AE01A-3B00-43AC-8817-38D16F2BB2FB}.Release|ARM.Build.0 = Release|Any CPU
		{B74AE01A-3B00-43AC-8817-38D16F2BB2FB}.Release|iPhone.ActiveCfg = Release|Any CPU
		{B74AE01A-3B00-43AC-8817-38D16F2BB2FB}.Release|iPhone.Build.0 = Release|Any CPU
		{B74AE01A-3B00-43AC-8817-38D16F2BB2FB}.Release|iPhoneSimulator.ActiveCfg = Release|Any CPU
		{B74AE01A-3B00-43AC-8817-38D16F2BB2FB}.Release|iPhoneSimulator.Build.0 = Release|Any CPU
		{B74AE01A-3B00-43AC-8817-38D16F2BB2FB}.Release|x64.ActiveCfg = Release|Any CPU
		{B74AE01A-3B00-43AC-8817-38D16F2BB2FB}.Release|x64.Build.0 = Release|Any CPU
		{B74AE01A-3B00-43AC-8817-38D16F2BB2FB}.Release|x86.ActiveCfg = Release|Any CPU
		{B74AE01A-3B00-43AC-8817-38D16F2BB2FB}.Release|x86.Build.0 = Release|Any CPU
		{FE2F0037-9C69-44CD-A14E-07DE44233CF7}.Ad-Hoc|Any CPU.ActiveCfg = Release|Any CPU
		{FE2F0037-9C69-44CD-A14E-07DE44233CF7}.Ad-Hoc|Any CPU.Build.0 = Release|Any CPU
		{FE2F0037-9C69-44CD-A14E-07DE44233CF7}.Ad-Hoc|ARM.ActiveCfg = Release|Any CPU
		{FE2F0037-9C69-44CD-A14E-07DE44233CF7}.Ad-Hoc|ARM.Build.0 = Release|Any CPU
		{FE2F0037-9C69-44CD-A14E-07DE44233CF7}.Ad-Hoc|iPhone.ActiveCfg = Release|Any CPU
		{FE2F0037-9C69-44CD-A14E-07DE44233CF7}.Ad-Hoc|iPhone.Build.0 = Release|Any CPU
		{FE2F0037-9C69-44CD-A14E-07DE44233CF7}.Ad-Hoc|iPhoneSimulator.ActiveCfg = Release|Any CPU
		{FE2F0037-9C69-44CD-A14E-07DE44233CF7}.Ad-Hoc|iPhoneSimulator.Build.0 = Release|Any CPU
		{FE2F0037-9C69-44CD-A14E-07DE44233CF7}.Ad-Hoc|x64.ActiveCfg = Release|Any CPU
		{FE2F0037-9C69-44CD-A14E-07DE44233CF7}.Ad-Hoc|x64.Build.0 = Release|Any CPU
		{FE2F0037-9C69-44CD-A14E-07DE44233CF7}.Ad-Hoc|x86.ActiveCfg = Release|Any CPU
		{FE2F0037-9C69-44CD-A14E-07DE44233CF7}.Ad-Hoc|x86.Build.0 = Release|Any CPU
		{FE2F0037-9C69-44CD-A14E-07DE44233CF7}.AppStore|Any CPU.ActiveCfg = Release|Any CPU
		{FE2F0037-9C69-44CD-A14E-07DE44233CF7}.AppStore|Any CPU.Build.0 = Release|Any CPU
		{FE2F0037-9C69-44CD-A14E-07DE44233CF7}.AppStore|ARM.ActiveCfg = Release|Any CPU
		{FE2F0037-9C69-44CD-A14E-07DE44233CF7}.AppStore|ARM.Build.0 = Release|Any CPU
		{FE2F0037-9C69-44CD-A14E-07DE44233CF7}.AppStore|iPhone.ActiveCfg = Release|Any CPU
		{FE2F0037-9C69-44CD-A14E-07DE44233CF7}.AppStore|iPhone.Build.0 = Release|Any CPU
		{FE2F0037-9C69-44CD-A14E-07DE44233CF7}.AppStore|iPhoneSimulator.ActiveCfg = Release|Any CPU
		{FE2F0037-9C69-44CD-A14E-07DE44233CF7}.AppStore|iPhoneSimulator.Build.0 = Release|Any CPU
		{FE2F0037-9C69-44CD-A14E-07DE44233CF7}.AppStore|x64.ActiveCfg = Release|Any CPU
		{FE2F0037-9C69-44CD-A14E-07DE44233CF7}.AppStore|x64.Build.0 = Release|Any CPU
		{FE2F0037-9C69-44CD-A14E-07DE44233CF7}.AppStore|x86.ActiveCfg = Release|Any CPU
		{FE2F0037-9C69-44CD-A14E-07DE44233CF7}.AppStore|x86.Build.0 = Release|Any CPU
		{FE2F0037-9C69-44CD-A14E-07DE44233CF7}.Debug|Any CPU.ActiveCfg = Debug|Any CPU
		{FE2F0037-9C69-44CD-A14E-07DE44233CF7}.Debug|Any CPU.Build.0 = Debug|Any CPU
		{FE2F0037-9C69-44CD-A14E-07DE44233CF7}.Debug|ARM.ActiveCfg = Debug|Any CPU
		{FE2F0037-9C69-44CD-A14E-07DE44233CF7}.Debug|ARM.Build.0 = Debug|Any CPU
		{FE2F0037-9C69-44CD-A14E-07DE44233CF7}.Debug|iPhone.ActiveCfg = Debug|Any CPU
		{FE2F0037-9C69-44CD-A14E-07DE44233CF7}.Debug|iPhone.Build.0 = Debug|Any CPU
		{FE2F0037-9C69-44CD-A14E-07DE44233CF7}.Debug|iPhoneSimulator.ActiveCfg = Debug|Any CPU
		{FE2F0037-9C69-44CD-A14E-07DE44233CF7}.Debug|iPhoneSimulator.Build.0 = Debug|Any CPU
		{FE2F0037-9C69-44CD-A14E-07DE44233CF7}.Debug|x64.ActiveCfg = Debug|Any CPU
		{FE2F0037-9C69-44CD-A14E-07DE44233CF7}.Debug|x64.Build.0 = Debug|Any CPU
		{FE2F0037-9C69-44CD-A14E-07DE44233CF7}.Debug|x86.ActiveCfg = Debug|Any CPU
		{FE2F0037-9C69-44CD-A14E-07DE44233CF7}.Debug|x86.Build.0 = Debug|Any CPU
		{FE2F0037-9C69-44CD-A14E-07DE44233CF7}.Release|Any CPU.ActiveCfg = Release|Any CPU
		{FE2F0037-9C69-44CD-A14E-07DE44233CF7}.Release|Any CPU.Build.0 = Release|Any CPU
		{FE2F0037-9C69-44CD-A14E-07DE44233CF7}.Release|ARM.ActiveCfg = Release|Any CPU
		{FE2F0037-9C69-44CD-A14E-07DE44233CF7}.Release|ARM.Build.0 = Release|Any CPU
		{FE2F0037-9C69-44CD-A14E-07DE44233CF7}.Release|iPhone.ActiveCfg = Release|Any CPU
		{FE2F0037-9C69-44CD-A14E-07DE44233CF7}.Release|iPhone.Build.0 = Release|Any CPU
		{FE2F0037-9C69-44CD-A14E-07DE44233CF7}.Release|iPhoneSimulator.ActiveCfg = Release|Any CPU
		{FE2F0037-9C69-44CD-A14E-07DE44233CF7}.Release|iPhoneSimulator.Build.0 = Release|Any CPU
		{FE2F0037-9C69-44CD-A14E-07DE44233CF7}.Release|x64.ActiveCfg = Release|Any CPU
		{FE2F0037-9C69-44CD-A14E-07DE44233CF7}.Release|x64.Build.0 = Release|Any CPU
		{FE2F0037-9C69-44CD-A14E-07DE44233CF7}.Release|x86.ActiveCfg = Release|Any CPU
		{FE2F0037-9C69-44CD-A14E-07DE44233CF7}.Release|x86.Build.0 = Release|Any CPU
		{A3B2E4D8-7AFE-44CE-A441-958CEA31BE91}.Ad-Hoc|Any CPU.ActiveCfg = Release|Any CPU
		{A3B2E4D8-7AFE-44CE-A441-958CEA31BE91}.Ad-Hoc|Any CPU.Build.0 = Release|Any CPU
		{A3B2E4D8-7AFE-44CE-A441-958CEA31BE91}.Ad-Hoc|ARM.ActiveCfg = Release|Any CPU
		{A3B2E4D8-7AFE-44CE-A441-958CEA31BE91}.Ad-Hoc|ARM.Build.0 = Release|Any CPU
		{A3B2E4D8-7AFE-44CE-A441-958CEA31BE91}.Ad-Hoc|iPhone.ActiveCfg = Release|Any CPU
		{A3B2E4D8-7AFE-44CE-A441-958CEA31BE91}.Ad-Hoc|iPhone.Build.0 = Release|Any CPU
		{A3B2E4D8-7AFE-44CE-A441-958CEA31BE91}.Ad-Hoc|iPhoneSimulator.ActiveCfg = Release|Any CPU
		{A3B2E4D8-7AFE-44CE-A441-958CEA31BE91}.Ad-Hoc|iPhoneSimulator.Build.0 = Release|Any CPU
		{A3B2E4D8-7AFE-44CE-A441-958CEA31BE91}.Ad-Hoc|x64.ActiveCfg = Release|Any CPU
		{A3B2E4D8-7AFE-44CE-A441-958CEA31BE91}.Ad-Hoc|x64.Build.0 = Release|Any CPU
		{A3B2E4D8-7AFE-44CE-A441-958CEA31BE91}.Ad-Hoc|x86.ActiveCfg = Release|Any CPU
		{A3B2E4D8-7AFE-44CE-A441-958CEA31BE91}.Ad-Hoc|x86.Build.0 = Release|Any CPU
		{A3B2E4D8-7AFE-44CE-A441-958CEA31BE91}.AppStore|Any CPU.ActiveCfg = Release|Any CPU
		{A3B2E4D8-7AFE-44CE-A441-958CEA31BE91}.AppStore|Any CPU.Build.0 = Release|Any CPU
		{A3B2E4D8-7AFE-44CE-A441-958CEA31BE91}.AppStore|ARM.ActiveCfg = Release|Any CPU
		{A3B2E4D8-7AFE-44CE-A441-958CEA31BE91}.AppStore|ARM.Build.0 = Release|Any CPU
		{A3B2E4D8-7AFE-44CE-A441-958CEA31BE91}.AppStore|iPhone.ActiveCfg = Release|Any CPU
		{A3B2E4D8-7AFE-44CE-A441-958CEA31BE91}.AppStore|iPhone.Build.0 = Release|Any CPU
		{A3B2E4D8-7AFE-44CE-A441-958CEA31BE91}.AppStore|iPhoneSimulator.ActiveCfg = Release|Any CPU
		{A3B2E4D8-7AFE-44CE-A441-958CEA31BE91}.AppStore|iPhoneSimulator.Build.0 = Release|Any CPU
		{A3B2E4D8-7AFE-44CE-A441-958CEA31BE91}.AppStore|x64.ActiveCfg = Release|Any CPU
		{A3B2E4D8-7AFE-44CE-A441-958CEA31BE91}.AppStore|x64.Build.0 = Release|Any CPU
		{A3B2E4D8-7AFE-44CE-A441-958CEA31BE91}.AppStore|x86.ActiveCfg = Release|Any CPU
		{A3B2E4D8-7AFE-44CE-A441-958CEA31BE91}.AppStore|x86.Build.0 = Release|Any CPU
		{A3B2E4D8-7AFE-44CE-A441-958CEA31BE91}.Debug|Any CPU.ActiveCfg = Debug|Any CPU
		{A3B2E4D8-7AFE-44CE-A441-958CEA31BE91}.Debug|Any CPU.Build.0 = Debug|Any CPU
		{A3B2E4D8-7AFE-44CE-A441-958CEA31BE91}.Debug|ARM.ActiveCfg = Debug|Any CPU
		{A3B2E4D8-7AFE-44CE-A441-958CEA31BE91}.Debug|ARM.Build.0 = Debug|Any CPU
		{A3B2E4D8-7AFE-44CE-A441-958CEA31BE91}.Debug|iPhone.ActiveCfg = Debug|Any CPU
		{A3B2E4D8-7AFE-44CE-A441-958CEA31BE91}.Debug|iPhone.Build.0 = Debug|Any CPU
		{A3B2E4D8-7AFE-44CE-A441-958CEA31BE91}.Debug|iPhoneSimulator.ActiveCfg = Debug|Any CPU
		{A3B2E4D8-7AFE-44CE-A441-958CEA31BE91}.Debug|iPhoneSimulator.Build.0 = Debug|Any CPU
		{A3B2E4D8-7AFE-44CE-A441-958CEA31BE91}.Debug|x64.ActiveCfg = Debug|Any CPU
		{A3B2E4D8-7AFE-44CE-A441-958CEA31BE91}.Debug|x64.Build.0 = Debug|Any CPU
		{A3B2E4D8-7AFE-44CE-A441-958CEA31BE91}.Debug|x86.ActiveCfg = Debug|Any CPU
		{A3B2E4D8-7AFE-44CE-A441-958CEA31BE91}.Debug|x86.Build.0 = Debug|Any CPU
		{A3B2E4D8-7AFE-44CE-A441-958CEA31BE91}.Release|Any CPU.ActiveCfg = Release|Any CPU
		{A3B2E4D8-7AFE-44CE-A441-958CEA31BE91}.Release|Any CPU.Build.0 = Release|Any CPU
		{A3B2E4D8-7AFE-44CE-A441-958CEA31BE91}.Release|ARM.ActiveCfg = Release|Any CPU
		{A3B2E4D8-7AFE-44CE-A441-958CEA31BE91}.Release|ARM.Build.0 = Release|Any CPU
		{A3B2E4D8-7AFE-44CE-A441-958CEA31BE91}.Release|iPhone.ActiveCfg = Release|Any CPU
		{A3B2E4D8-7AFE-44CE-A441-958CEA31BE91}.Release|iPhone.Build.0 = Release|Any CPU
		{A3B2E4D8-7AFE-44CE-A441-958CEA31BE91}.Release|iPhoneSimulator.ActiveCfg = Release|Any CPU
		{A3B2E4D8-7AFE-44CE-A441-958CEA31BE91}.Release|iPhoneSimulator.Build.0 = Release|Any CPU
		{A3B2E4D8-7AFE-44CE-A441-958CEA31BE91}.Release|x64.ActiveCfg = Release|Any CPU
		{A3B2E4D8-7AFE-44CE-A441-958CEA31BE91}.Release|x64.Build.0 = Release|Any CPU
		{A3B2E4D8-7AFE-44CE-A441-958CEA31BE91}.Release|x86.ActiveCfg = Release|Any CPU
		{A3B2E4D8-7AFE-44CE-A441-958CEA31BE91}.Release|x86.Build.0 = Release|Any CPU
		{E71F3053-056C-4381-9638-048ED73BDFF6}.Ad-Hoc|Any CPU.ActiveCfg = Release|Any CPU
		{E71F3053-056C-4381-9638-048ED73BDFF6}.Ad-Hoc|Any CPU.Build.0 = Release|Any CPU
		{E71F3053-056C-4381-9638-048ED73BDFF6}.Ad-Hoc|ARM.ActiveCfg = Release|Any CPU
		{E71F3053-056C-4381-9638-048ED73BDFF6}.Ad-Hoc|ARM.Build.0 = Release|Any CPU
		{E71F3053-056C-4381-9638-048ED73BDFF6}.Ad-Hoc|iPhone.ActiveCfg = Release|Any CPU
		{E71F3053-056C-4381-9638-048ED73BDFF6}.Ad-Hoc|iPhone.Build.0 = Release|Any CPU
		{E71F3053-056C-4381-9638-048ED73BDFF6}.Ad-Hoc|iPhoneSimulator.ActiveCfg = Release|Any CPU
		{E71F3053-056C-4381-9638-048ED73BDFF6}.Ad-Hoc|iPhoneSimulator.Build.0 = Release|Any CPU
		{E71F3053-056C-4381-9638-048ED73BDFF6}.Ad-Hoc|x64.ActiveCfg = Release|Any CPU
		{E71F3053-056C-4381-9638-048ED73BDFF6}.Ad-Hoc|x64.Build.0 = Release|Any CPU
		{E71F3053-056C-4381-9638-048ED73BDFF6}.Ad-Hoc|x86.ActiveCfg = Release|Any CPU
		{E71F3053-056C-4381-9638-048ED73BDFF6}.Ad-Hoc|x86.Build.0 = Release|Any CPU
		{E71F3053-056C-4381-9638-048ED73BDFF6}.AppStore|Any CPU.ActiveCfg = Release|Any CPU
		{E71F3053-056C-4381-9638-048ED73BDFF6}.AppStore|Any CPU.Build.0 = Release|Any CPU
		{E71F3053-056C-4381-9638-048ED73BDFF6}.AppStore|ARM.ActiveCfg = Release|Any CPU
		{E71F3053-056C-4381-9638-048ED73BDFF6}.AppStore|ARM.Build.0 = Release|Any CPU
		{E71F3053-056C-4381-9638-048ED73BDFF6}.AppStore|iPhone.ActiveCfg = Release|Any CPU
		{E71F3053-056C-4381-9638-048ED73BDFF6}.AppStore|iPhone.Build.0 = Release|Any CPU
		{E71F3053-056C-4381-9638-048ED73BDFF6}.AppStore|iPhoneSimulator.ActiveCfg = Release|Any CPU
		{E71F3053-056C-4381-9638-048ED73BDFF6}.AppStore|iPhoneSimulator.Build.0 = Release|Any CPU
		{E71F3053-056C-4381-9638-048ED73BDFF6}.AppStore|x64.ActiveCfg = Release|Any CPU
		{E71F3053-056C-4381-9638-048ED73BDFF6}.AppStore|x64.Build.0 = Release|Any CPU
		{E71F3053-056C-4381-9638-048ED73BDFF6}.AppStore|x86.ActiveCfg = Release|Any CPU
		{E71F3053-056C-4381-9638-048ED73BDFF6}.AppStore|x86.Build.0 = Release|Any CPU
		{E71F3053-056C-4381-9638-048ED73BDFF6}.Debug|Any CPU.ActiveCfg = Debug|Any CPU
		{E71F3053-056C-4381-9638-048ED73BDFF6}.Debug|Any CPU.Build.0 = Debug|Any CPU
		{E71F3053-056C-4381-9638-048ED73BDFF6}.Debug|ARM.ActiveCfg = Debug|Any CPU
		{E71F3053-056C-4381-9638-048ED73BDFF6}.Debug|ARM.Build.0 = Debug|Any CPU
		{E71F3053-056C-4381-9638-048ED73BDFF6}.Debug|iPhone.ActiveCfg = Debug|Any CPU
		{E71F3053-056C-4381-9638-048ED73BDFF6}.Debug|iPhone.Build.0 = Debug|Any CPU
		{E71F3053-056C-4381-9638-048ED73BDFF6}.Debug|iPhoneSimulator.ActiveCfg = Debug|Any CPU
		{E71F3053-056C-4381-9638-048ED73BDFF6}.Debug|iPhoneSimulator.Build.0 = Debug|Any CPU
		{E71F3053-056C-4381-9638-048ED73BDFF6}.Debug|x64.ActiveCfg = Debug|Any CPU
		{E71F3053-056C-4381-9638-048ED73BDFF6}.Debug|x64.Build.0 = Debug|Any CPU
		{E71F3053-056C-4381-9638-048ED73BDFF6}.Debug|x86.ActiveCfg = Debug|Any CPU
		{E71F3053-056C-4381-9638-048ED73BDFF6}.Debug|x86.Build.0 = Debug|Any CPU
		{E71F3053-056C-4381-9638-048ED73BDFF6}.Release|Any CPU.ActiveCfg = Release|Any CPU
		{E71F3053-056C-4381-9638-048ED73BDFF6}.Release|Any CPU.Build.0 = Release|Any CPU
		{E71F3053-056C-4381-9638-048ED73BDFF6}.Release|ARM.ActiveCfg = Release|Any CPU
		{E71F3053-056C-4381-9638-048ED73BDFF6}.Release|ARM.Build.0 = Release|Any CPU
		{E71F3053-056C-4381-9638-048ED73BDFF6}.Release|iPhone.ActiveCfg = Release|Any CPU
		{E71F3053-056C-4381-9638-048ED73BDFF6}.Release|iPhone.Build.0 = Release|Any CPU
		{E71F3053-056C-4381-9638-048ED73BDFF6}.Release|iPhoneSimulator.ActiveCfg = Release|Any CPU
		{E71F3053-056C-4381-9638-048ED73BDFF6}.Release|iPhoneSimulator.Build.0 = Release|Any CPU
		{E71F3053-056C-4381-9638-048ED73BDFF6}.Release|x64.ActiveCfg = Release|Any CPU
		{E71F3053-056C-4381-9638-048ED73BDFF6}.Release|x64.Build.0 = Release|Any CPU
		{E71F3053-056C-4381-9638-048ED73BDFF6}.Release|x86.ActiveCfg = Release|Any CPU
		{E71F3053-056C-4381-9638-048ED73BDFF6}.Release|x86.Build.0 = Release|Any CPU
		{B5B0E6E4-A8C1-45C4-BA73-21D2456833AD}.Ad-Hoc|Any CPU.ActiveCfg = Release|Any CPU
		{B5B0E6E4-A8C1-45C4-BA73-21D2456833AD}.Ad-Hoc|Any CPU.Build.0 = Release|Any CPU
		{B5B0E6E4-A8C1-45C4-BA73-21D2456833AD}.Ad-Hoc|ARM.ActiveCfg = Release|Any CPU
		{B5B0E6E4-A8C1-45C4-BA73-21D2456833AD}.Ad-Hoc|ARM.Build.0 = Release|Any CPU
		{B5B0E6E4-A8C1-45C4-BA73-21D2456833AD}.Ad-Hoc|iPhone.ActiveCfg = Release|Any CPU
		{B5B0E6E4-A8C1-45C4-BA73-21D2456833AD}.Ad-Hoc|iPhone.Build.0 = Release|Any CPU
		{B5B0E6E4-A8C1-45C4-BA73-21D2456833AD}.Ad-Hoc|iPhoneSimulator.ActiveCfg = Release|Any CPU
		{B5B0E6E4-A8C1-45C4-BA73-21D2456833AD}.Ad-Hoc|iPhoneSimulator.Build.0 = Release|Any CPU
		{B5B0E6E4-A8C1-45C4-BA73-21D2456833AD}.Ad-Hoc|x64.ActiveCfg = Release|Any CPU
		{B5B0E6E4-A8C1-45C4-BA73-21D2456833AD}.Ad-Hoc|x64.Build.0 = Release|Any CPU
		{B5B0E6E4-A8C1-45C4-BA73-21D2456833AD}.Ad-Hoc|x86.ActiveCfg = Release|Any CPU
		{B5B0E6E4-A8C1-45C4-BA73-21D2456833AD}.Ad-Hoc|x86.Build.0 = Release|Any CPU
		{B5B0E6E4-A8C1-45C4-BA73-21D2456833AD}.AppStore|Any CPU.ActiveCfg = Release|Any CPU
		{B5B0E6E4-A8C1-45C4-BA73-21D2456833AD}.AppStore|Any CPU.Build.0 = Release|Any CPU
		{B5B0E6E4-A8C1-45C4-BA73-21D2456833AD}.AppStore|ARM.ActiveCfg = Release|Any CPU
		{B5B0E6E4-A8C1-45C4-BA73-21D2456833AD}.AppStore|ARM.Build.0 = Release|Any CPU
		{B5B0E6E4-A8C1-45C4-BA73-21D2456833AD}.AppStore|iPhone.ActiveCfg = Release|Any CPU
		{B5B0E6E4-A8C1-45C4-BA73-21D2456833AD}.AppStore|iPhone.Build.0 = Release|Any CPU
		{B5B0E6E4-A8C1-45C4-BA73-21D2456833AD}.AppStore|iPhoneSimulator.ActiveCfg = Release|Any CPU
		{B5B0E6E4-A8C1-45C4-BA73-21D2456833AD}.AppStore|iPhoneSimulator.Build.0 = Release|Any CPU
		{B5B0E6E4-A8C1-45C4-BA73-21D2456833AD}.AppStore|x64.ActiveCfg = Release|Any CPU
		{B5B0E6E4-A8C1-45C4-BA73-21D2456833AD}.AppStore|x64.Build.0 = Release|Any CPU
		{B5B0E6E4-A8C1-45C4-BA73-21D2456833AD}.AppStore|x86.ActiveCfg = Release|Any CPU
		{B5B0E6E4-A8C1-45C4-BA73-21D2456833AD}.AppStore|x86.Build.0 = Release|Any CPU
		{B5B0E6E4-A8C1-45C4-BA73-21D2456833AD}.Debug|Any CPU.ActiveCfg = Debug|Any CPU
		{B5B0E6E4-A8C1-45C4-BA73-21D2456833AD}.Debug|Any CPU.Build.0 = Debug|Any CPU
		{B5B0E6E4-A8C1-45C4-BA73-21D2456833AD}.Debug|ARM.ActiveCfg = Debug|Any CPU
		{B5B0E6E4-A8C1-45C4-BA73-21D2456833AD}.Debug|ARM.Build.0 = Debug|Any CPU
		{B5B0E6E4-A8C1-45C4-BA73-21D2456833AD}.Debug|iPhone.ActiveCfg = Debug|Any CPU
		{B5B0E6E4-A8C1-45C4-BA73-21D2456833AD}.Debug|iPhone.Build.0 = Debug|Any CPU
		{B5B0E6E4-A8C1-45C4-BA73-21D2456833AD}.Debug|iPhoneSimulator.ActiveCfg = Debug|Any CPU
		{B5B0E6E4-A8C1-45C4-BA73-21D2456833AD}.Debug|iPhoneSimulator.Build.0 = Debug|Any CPU
		{B5B0E6E4-A8C1-45C4-BA73-21D2456833AD}.Debug|x64.ActiveCfg = Debug|Any CPU
		{B5B0E6E4-A8C1-45C4-BA73-21D2456833AD}.Debug|x64.Build.0 = Debug|Any CPU
		{B5B0E6E4-A8C1-45C4-BA73-21D2456833AD}.Debug|x86.ActiveCfg = Debug|Any CPU
		{B5B0E6E4-A8C1-45C4-BA73-21D2456833AD}.Debug|x86.Build.0 = Debug|Any CPU
		{B5B0E6E4-A8C1-45C4-BA73-21D2456833AD}.Release|Any CPU.ActiveCfg = Release|Any CPU
		{B5B0E6E4-A8C1-45C4-BA73-21D2456833AD}.Release|Any CPU.Build.0 = Release|Any CPU
		{B5B0E6E4-A8C1-45C4-BA73-21D2456833AD}.Release|ARM.ActiveCfg = Release|Any CPU
		{B5B0E6E4-A8C1-45C4-BA73-21D2456833AD}.Release|ARM.Build.0 = Release|Any CPU
		{B5B0E6E4-A8C1-45C4-BA73-21D2456833AD}.Release|iPhone.ActiveCfg = Release|Any CPU
		{B5B0E6E4-A8C1-45C4-BA73-21D2456833AD}.Release|iPhone.Build.0 = Release|Any CPU
		{B5B0E6E4-A8C1-45C4-BA73-21D2456833AD}.Release|iPhoneSimulator.ActiveCfg = Release|Any CPU
		{B5B0E6E4-A8C1-45C4-BA73-21D2456833AD}.Release|iPhoneSimulator.Build.0 = Release|Any CPU
		{B5B0E6E4-A8C1-45C4-BA73-21D2456833AD}.Release|x64.ActiveCfg = Release|Any CPU
		{B5B0E6E4-A8C1-45C4-BA73-21D2456833AD}.Release|x64.Build.0 = Release|Any CPU
		{B5B0E6E4-A8C1-45C4-BA73-21D2456833AD}.Release|x86.ActiveCfg = Release|Any CPU
		{B5B0E6E4-A8C1-45C4-BA73-21D2456833AD}.Release|x86.Build.0 = Release|Any CPU
		{80A96B52-6758-4BDB-B0B4-CEA4CA155C60}.Ad-Hoc|Any CPU.ActiveCfg = Release|iPhone
		{80A96B52-6758-4BDB-B0B4-CEA4CA155C60}.Ad-Hoc|Any CPU.Build.0 = Release|iPhone
		{80A96B52-6758-4BDB-B0B4-CEA4CA155C60}.Ad-Hoc|ARM.ActiveCfg = Release|iPhone
		{80A96B52-6758-4BDB-B0B4-CEA4CA155C60}.Ad-Hoc|ARM.Build.0 = Release|iPhone
		{80A96B52-6758-4BDB-B0B4-CEA4CA155C60}.Ad-Hoc|iPhone.ActiveCfg = Release|iPhone
		{80A96B52-6758-4BDB-B0B4-CEA4CA155C60}.Ad-Hoc|iPhone.Build.0 = Release|iPhone
		{80A96B52-6758-4BDB-B0B4-CEA4CA155C60}.Ad-Hoc|iPhoneSimulator.ActiveCfg = Release|iPhoneSimulator
		{80A96B52-6758-4BDB-B0B4-CEA4CA155C60}.Ad-Hoc|iPhoneSimulator.Build.0 = Release|iPhoneSimulator
		{80A96B52-6758-4BDB-B0B4-CEA4CA155C60}.Ad-Hoc|x64.ActiveCfg = Release|iPhone
		{80A96B52-6758-4BDB-B0B4-CEA4CA155C60}.Ad-Hoc|x64.Build.0 = Release|iPhone
		{80A96B52-6758-4BDB-B0B4-CEA4CA155C60}.Ad-Hoc|x86.ActiveCfg = Release|iPhone
		{80A96B52-6758-4BDB-B0B4-CEA4CA155C60}.Ad-Hoc|x86.Build.0 = Release|iPhone
		{80A96B52-6758-4BDB-B0B4-CEA4CA155C60}.AppStore|Any CPU.ActiveCfg = Release|iPhone
		{80A96B52-6758-4BDB-B0B4-CEA4CA155C60}.AppStore|Any CPU.Build.0 = Release|iPhone
		{80A96B52-6758-4BDB-B0B4-CEA4CA155C60}.AppStore|ARM.ActiveCfg = Release|iPhone
		{80A96B52-6758-4BDB-B0B4-CEA4CA155C60}.AppStore|ARM.Build.0 = Release|iPhone
		{80A96B52-6758-4BDB-B0B4-CEA4CA155C60}.AppStore|iPhone.ActiveCfg = Release|iPhone
		{80A96B52-6758-4BDB-B0B4-CEA4CA155C60}.AppStore|iPhone.Build.0 = Release|iPhone
		{80A96B52-6758-4BDB-B0B4-CEA4CA155C60}.AppStore|iPhoneSimulator.ActiveCfg = Release|iPhoneSimulator
		{80A96B52-6758-4BDB-B0B4-CEA4CA155C60}.AppStore|iPhoneSimulator.Build.0 = Release|iPhoneSimulator
		{80A96B52-6758-4BDB-B0B4-CEA4CA155C60}.AppStore|x64.ActiveCfg = Release|iPhone
		{80A96B52-6758-4BDB-B0B4-CEA4CA155C60}.AppStore|x64.Build.0 = Release|iPhone
		{80A96B52-6758-4BDB-B0B4-CEA4CA155C60}.AppStore|x86.ActiveCfg = Release|iPhone
		{80A96B52-6758-4BDB-B0B4-CEA4CA155C60}.AppStore|x86.Build.0 = Release|iPhone
		{80A96B52-6758-4BDB-B0B4-CEA4CA155C60}.Debug|Any CPU.ActiveCfg = Debug|iPhone
		{80A96B52-6758-4BDB-B0B4-CEA4CA155C60}.Debug|ARM.ActiveCfg = Debug|iPhone
		{80A96B52-6758-4BDB-B0B4-CEA4CA155C60}.Debug|iPhone.ActiveCfg = Debug|iPhone
		{80A96B52-6758-4BDB-B0B4-CEA4CA155C60}.Debug|iPhone.Build.0 = Debug|iPhone
		{80A96B52-6758-4BDB-B0B4-CEA4CA155C60}.Debug|iPhoneSimulator.ActiveCfg = Debug|iPhoneSimulator
		{80A96B52-6758-4BDB-B0B4-CEA4CA155C60}.Debug|iPhoneSimulator.Build.0 = Debug|iPhoneSimulator
		{80A96B52-6758-4BDB-B0B4-CEA4CA155C60}.Debug|x64.ActiveCfg = Debug|iPhone
		{80A96B52-6758-4BDB-B0B4-CEA4CA155C60}.Debug|x86.ActiveCfg = Debug|iPhone
		{80A96B52-6758-4BDB-B0B4-CEA4CA155C60}.Release|Any CPU.ActiveCfg = Release|iPhone
		{80A96B52-6758-4BDB-B0B4-CEA4CA155C60}.Release|ARM.ActiveCfg = Release|iPhone
		{80A96B52-6758-4BDB-B0B4-CEA4CA155C60}.Release|iPhone.ActiveCfg = Release|iPhone
		{80A96B52-6758-4BDB-B0B4-CEA4CA155C60}.Release|iPhone.Build.0 = Release|iPhone
		{80A96B52-6758-4BDB-B0B4-CEA4CA155C60}.Release|iPhoneSimulator.ActiveCfg = Release|iPhoneSimulator
		{80A96B52-6758-4BDB-B0B4-CEA4CA155C60}.Release|iPhoneSimulator.Build.0 = Release|iPhoneSimulator
		{80A96B52-6758-4BDB-B0B4-CEA4CA155C60}.Release|x64.ActiveCfg = Release|iPhone
		{80A96B52-6758-4BDB-B0B4-CEA4CA155C60}.Release|x86.ActiveCfg = Release|iPhone
	EndGlobalSection
	GlobalSection(SolutionProperties) = preSolution
		HideSolutionNode = FALSE
	EndGlobalSection
	GlobalSection(NestedProjects) = preSolution
		{B5B0E6E4-A8C1-45C4-BA73-21D2456833AD} = {795065A6-6AB5-40CF-B76D-7B32DBDE04CA}
		{80A96B52-6758-4BDB-B0B4-CEA4CA155C60} = {795065A6-6AB5-40CF-B76D-7B32DBDE04CA}
	EndGlobalSection
	GlobalSection(ExtensibilityGlobals) = postSolution
		SolutionGuid = {63DB3698-CE13-4148-8579-BA821CF6B7BB}
	EndGlobalSection
EndGlobal
